
Microsoft Visual Studio Solution File, Format Version 12.00
# Visual Studio Version 16
VisualStudioVersion = 16.0.29318.209
MinimumVisualStudioVersion = 10.0.40219.1
Project("{FAE04EC0-301F-11D3-BF4B-00C04F79EFBC}") = "TaskManagerAPI", "TaskManagerAPI\TaskManagerAPI.csproj", "{4E38D480-6FA7-446C-B2F7-F2A4B44D9BDD}"
EndProject
Project("{FAE04EC0-301F-11D3-BF4B-00C04F79EFBC}") = "TaskManagerDAL", "TaskManagerDAL\TaskManagerDAL.csproj", "{AE9C6916-8238-4297-B476-11B4423BD1E3}"
EndProject
Project("{FAE04EC0-301F-11D3-BF4B-00C04F79EFBC}") = "TaskManagerRepo", "TaskManagerRepo\TaskManagerRepo.csproj", "{8D0DE46B-5F59-4010-8D86-2B5CA4FEB2D8}"
EndProject
Global
	GlobalSection(SolutionConfigurationPlatforms) = preSolution
		Debug|Any CPU = Debug|Any CPU
		Release|Any CPU = Release|Any CPU
	EndGlobalSection
	GlobalSection(ProjectConfigurationPlatforms) = postSolution
		{4E38D480-6FA7-446C-B2F7-F2A4B44D9BDD}.Debug|Any CPU.ActiveCfg = Debug|Any CPU
		{4E38D480-6FA7-446C-B2F7-F2A4B44D9BDD}.Debug|Any CPU.Build.0 = Debug|Any CPU
		{4E38D480-6FA7-446C-B2F7-F2A4B44D9BDD}.Release|Any CPU.ActiveCfg = Release|Any CPU
		{4E38D480-6FA7-446C-B2F7-F2A4B44D9BDD}.Release|Any CPU.Build.0 = Release|Any CPU
		{AE9C6916-8238-4297-B476-11B4423BD1E3}.Debug|Any CPU.ActiveCfg = Debug|Any CPU
		{AE9C6916-8238-4297-B476-11B4423BD1E3}.Debug|Any CPU.Build.0 = Debug|Any CPU
		{AE9C6916-8238-4297-B476-11B4423BD1E3}.Release|Any CPU.ActiveCfg = Release|Any CPU
		{AE9C6916-8238-4297-B476-11B4423BD1E3}.Release|Any CPU.Build.0 = Release|Any CPU
		{8D0DE46B-5F59-4010-8D86-2B5CA4FEB2D8}.Debug|Any CPU.ActiveCfg = Debug|Any CPU
		{8D0DE46B-5F59-4010-8D86-2B5CA4FEB2D8}.Debug|Any CPU.Build.0 = Debug|Any CPU
		{8D0DE46B-5F59-4010-8D86-2B5CA4FEB2D8}.Release|Any CPU.ActiveCfg = Release|Any CPU
		{8D0DE46B-5F59-4010-8D86-2B5CA4FEB2D8}.Release|Any CPU.Build.0 = Release|Any CPU
	EndGlobalSection
	GlobalSection(SolutionProperties) = preSolution
		HideSolutionNode = FALSE
	EndGlobalSection
	GlobalSection(ExtensibilityGlobals) = postSolution
		SolutionGuid = {EADD71E9-5933-448F-A4CD-01618872FCF7}
	EndGlobalSection
EndGlobal
