
Microsoft Visual Studio Solution File, Format Version 12.00
# Visual Studio Version 16
VisualStudioVersion = 16.0.29318.209
MinimumVisualStudioVersion = 10.0.40219.1
Project("{FAE04EC0-301F-11D3-BF4B-00C04F79EFBC}") = "TaskManagerDAL", "TaskManagerDAL\TaskManagerDAL.csproj", "{93041017-525C-4A78-AD83-1AA70D1D6CAB}"
EndProject
Project("{FAE04EC0-301F-11D3-BF4B-00C04F79EFBC}") = "TaskManagerRepo", "TaskManagerRepo\TaskManagerRepo.csproj", "{077A3D98-C93B-43CC-857C-40656A4B9704}"
EndProject
Global
	GlobalSection(SolutionConfigurationPlatforms) = preSolution
		Debug|Any CPU = Debug|Any CPU
		Release|Any CPU = Release|Any CPU
	EndGlobalSection
	GlobalSection(ProjectConfigurationPlatforms) = postSolution
		{93041017-525C-4A78-AD83-1AA70D1D6CAB}.Debug|Any CPU.ActiveCfg = Debug|Any CPU
		{93041017-525C-4A78-AD83-1AA70D1D6CAB}.Debug|Any CPU.Build.0 = Debug|Any CPU
		{93041017-525C-4A78-AD83-1AA70D1D6CAB}.Release|Any CPU.ActiveCfg = Release|Any CPU
		{93041017-525C-4A78-AD83-1AA70D1D6CAB}.Release|Any CPU.Build.0 = Release|Any CPU
		{077A3D98-C93B-43CC-857C-40656A4B9704}.Debug|Any CPU.ActiveCfg = Debug|Any CPU
		{077A3D98-C93B-43CC-857C-40656A4B9704}.Debug|Any CPU.Build.0 = Debug|Any CPU
		{077A3D98-C93B-43CC-857C-40656A4B9704}.Release|Any CPU.ActiveCfg = Release|Any CPU
		{077A3D98-C93B-43CC-857C-40656A4B9704}.Release|Any CPU.Build.0 = Release|Any CPU
	EndGlobalSection
	GlobalSection(SolutionProperties) = preSolution
		HideSolutionNode = FALSE
	EndGlobalSection
	GlobalSection(ExtensibilityGlobals) = postSolution
		SolutionGuid = {EADD71E9-5933-448F-A4CD-01618872FCF7}
	EndGlobalSection
EndGlobal
